
Microsoft Visual Studio Solution File, Format Version 12.00
# Visual Studio Version 17
VisualStudioVersion = 17.2.32616.157
MinimumVisualStudioVersion = 10.0.40219.1
Project("{2150E333-8FDC-42A3-9474-1A3956D46DE8}") = "Demo", "Demo", "{5182BCE5-EC2C-45ED-9C25-AD88196CB472}"
EndProject
Project("{2150E333-8FDC-42A3-9474-1A3956D46DE8}") = "01_Namespaces", "01_Namespaces", "{BC940A9C-B342-4247-8F0F-1AD2E8E67AE4}"
EndProject
Project("{FAE04EC0-301F-11D3-BF4B-00C04F79EFBC}") = "01_Namespaces", "01_Namespaces\01_Namespaces.csproj", "{045301DE-E38B-4B98-B115-19B711E91F2B}"
EndProject
Project("{2150E333-8FDC-42A3-9474-1A3956D46DE8}") = "02_Encapsulation", "02_Encapsulation", "{029C121E-F0F1-4141-AB8A-1D2515ED235A}"
EndProject
Project("{FAE04EC0-301F-11D3-BF4B-00C04F79EFBC}") = "02_Encapsulation", "02_Encapsulation\02_Encapsulation.csproj", "{D1EC4F01-4EBB-4DB3-B788-F741F3D277D2}"
EndProject
Project("{2150E333-8FDC-42A3-9474-1A3956D46DE8}") = "03_Classes", "03_Classes", "{1116E946-F616-49AA-BF8D-3619D6A54757}"
EndProject
Project("{FAE04EC0-301F-11D3-BF4B-00C04F79EFBC}") = "03_Classes", "03_Classes\03_Classes.csproj", "{D244EDB8-8B35-45AD-8ADC-0EEC6F7AAE35}"
EndProject
Project("{2150E333-8FDC-42A3-9474-1A3956D46DE8}") = "04_Proprietes", "04_Proprietes", "{6321EE0F-35B8-477B-99D6-2B28669B2CEC}"
EndProject
Project("{FAE04EC0-301F-11D3-BF4B-00C04F79EFBC}") = "04_Proprietes", "04_Proprietes\04_Proprietes.csproj", "{AB8D4CF7-F238-43C8-A548-4224BD882261}"
EndProject
Project("{2150E333-8FDC-42A3-9474-1A3956D46DE8}") = "Exercices", "Exercices", "{8179E0D6-1C5A-49AD-8AE3-8F2AA5255EC7}"
EndProject
Project("{2150E333-8FDC-42A3-9474-1A3956D46DE8}") = "GestionBanque", "GestionBanque", "{8CE6A818-D0C8-4D64-A092-83297FB70337}"
EndProject
Project("{FAE04EC0-301F-11D3-BF4B-00C04F79EFBC}") = "GestionBanque", "GestionBanque\GestionBanque.csproj", "{03CC9DE8-364B-49A3-9EDE-0EF54C92AD9A}"
EndProject
Global
	GlobalSection(SolutionConfigurationPlatforms) = preSolution
		Debug|Any CPU = Debug|Any CPU
		Release|Any CPU = Release|Any CPU
	EndGlobalSection
	GlobalSection(ProjectConfigurationPlatforms) = postSolution
		{045301DE-E38B-4B98-B115-19B711E91F2B}.Debug|Any CPU.ActiveCfg = Debug|Any CPU
		{045301DE-E38B-4B98-B115-19B711E91F2B}.Debug|Any CPU.Build.0 = Debug|Any CPU
		{045301DE-E38B-4B98-B115-19B711E91F2B}.Release|Any CPU.ActiveCfg = Release|Any CPU
		{045301DE-E38B-4B98-B115-19B711E91F2B}.Release|Any CPU.Build.0 = Release|Any CPU
		{D1EC4F01-4EBB-4DB3-B788-F741F3D277D2}.Debug|Any CPU.ActiveCfg = Debug|Any CPU
		{D1EC4F01-4EBB-4DB3-B788-F741F3D277D2}.Debug|Any CPU.Build.0 = Debug|Any CPU
		{D1EC4F01-4EBB-4DB3-B788-F741F3D277D2}.Release|Any CPU.ActiveCfg = Release|Any CPU
		{D1EC4F01-4EBB-4DB3-B788-F741F3D277D2}.Release|Any CPU.Build.0 = Release|Any CPU
		{D244EDB8-8B35-45AD-8ADC-0EEC6F7AAE35}.Debug|Any CPU.ActiveCfg = Debug|Any CPU
		{D244EDB8-8B35-45AD-8ADC-0EEC6F7AAE35}.Debug|Any CPU.Build.0 = Debug|Any CPU
		{D244EDB8-8B35-45AD-8ADC-0EEC6F7AAE35}.Release|Any CPU.ActiveCfg = Release|Any CPU
		{D244EDB8-8B35-45AD-8ADC-0EEC6F7AAE35}.Release|Any CPU.Build.0 = Release|Any CPU
		{AB8D4CF7-F238-43C8-A548-4224BD882261}.Debug|Any CPU.ActiveCfg = Debug|Any CPU
		{AB8D4CF7-F238-43C8-A548-4224BD882261}.Debug|Any CPU.Build.0 = Debug|Any CPU
		{AB8D4CF7-F238-43C8-A548-4224BD882261}.Release|Any CPU.ActiveCfg = Release|Any CPU
		{AB8D4CF7-F238-43C8-A548-4224BD882261}.Release|Any CPU.Build.0 = Release|Any CPU
		{03CC9DE8-364B-49A3-9EDE-0EF54C92AD9A}.Debug|Any CPU.ActiveCfg = Debug|Any CPU
		{03CC9DE8-364B-49A3-9EDE-0EF54C92AD9A}.Debug|Any CPU.Build.0 = Debug|Any CPU
		{03CC9DE8-364B-49A3-9EDE-0EF54C92AD9A}.Release|Any CPU.ActiveCfg = Release|Any CPU
		{03CC9DE8-364B-49A3-9EDE-0EF54C92AD9A}.Release|Any CPU.Build.0 = Release|Any CPU
	EndGlobalSection
	GlobalSection(SolutionProperties) = preSolution
		HideSolutionNode = FALSE
	EndGlobalSection
	GlobalSection(NestedProjects) = preSolution
		{BC940A9C-B342-4247-8F0F-1AD2E8E67AE4} = {5182BCE5-EC2C-45ED-9C25-AD88196CB472}
		{045301DE-E38B-4B98-B115-19B711E91F2B} = {BC940A9C-B342-4247-8F0F-1AD2E8E67AE4}
		{029C121E-F0F1-4141-AB8A-1D2515ED235A} = {5182BCE5-EC2C-45ED-9C25-AD88196CB472}
		{D1EC4F01-4EBB-4DB3-B788-F741F3D277D2} = {029C121E-F0F1-4141-AB8A-1D2515ED235A}
		{1116E946-F616-49AA-BF8D-3619D6A54757} = {5182BCE5-EC2C-45ED-9C25-AD88196CB472}
		{D244EDB8-8B35-45AD-8ADC-0EEC6F7AAE35} = {1116E946-F616-49AA-BF8D-3619D6A54757}
		{6321EE0F-35B8-477B-99D6-2B28669B2CEC} = {5182BCE5-EC2C-45ED-9C25-AD88196CB472}
		{AB8D4CF7-F238-43C8-A548-4224BD882261} = {6321EE0F-35B8-477B-99D6-2B28669B2CEC}
		{8CE6A818-D0C8-4D64-A092-83297FB70337} = {8179E0D6-1C5A-49AD-8AE3-8F2AA5255EC7}
		{03CC9DE8-364B-49A3-9EDE-0EF54C92AD9A} = {8CE6A818-D0C8-4D64-A092-83297FB70337}
	EndGlobalSection
	GlobalSection(ExtensibilityGlobals) = postSolution
		SolutionGuid = {ED907233-A48B-4464-8A94-5B163DBA5700}
	EndGlobalSection
EndGlobal
